// !$*UTF8*$!
{
	archiveVersion = 1;
	classes = {
	};
	objectVersion = 56;
	objects = {

/* Begin PBXBuildFile section */
		B8319DF62BEE115100A3B485 /* YoungTalentNetworkingApp.swift in Sources */ = {isa = PBXBuildFile; fileRef = B8319DF52BEE115100A3B485 /* YoungTalentNetworkingApp.swift */; };
		B8319DF82BEE115100A3B485 /* ContentView.swift in Sources */ = {isa = PBXBuildFile; fileRef = B8319DF72BEE115100A3B485 /* ContentView.swift */; };
		B8319DFA2BEE115300A3B485 /* Assets.xcassets in Resources */ = {isa = PBXBuildFile; fileRef = B8319DF92BEE115300A3B485 /* Assets.xcassets */; };
		B8319DFD2BEE115300A3B485 /* Preview Assets.xcassets in Resources */ = {isa = PBXBuildFile; fileRef = B8319DFC2BEE115300A3B485 /* Preview Assets.xcassets */; };
		B8319E092BEE1E0A00A3B485 /* RequestMethod.swift in Sources */ = {isa = PBXBuildFile; fileRef = B8319E082BEE1E0A00A3B485 /* RequestMethod.swift */; };
		B8319E0B2BEE1E9400A3B485 /* Response.swift in Sources */ = {isa = PBXBuildFile; fileRef = B8319E0A2BEE1E9400A3B485 /* Response.swift */; };
		B8319E0E2BEE1F3E00A3B485 /* Bundle-extension.swift in Sources */ = {isa = PBXBuildFile; fileRef = B8319E0D2BEE1F3E00A3B485 /* Bundle-extension.swift */; };
		B8319E102BEE1FB100A3B485 /* NSError.swift in Sources */ = {isa = PBXBuildFile; fileRef = B8319E0F2BEE1FB100A3B485 /* NSError.swift */; };
		B8319E122BEE204800A3B485 /* URL-Extension.swift in Sources */ = {isa = PBXBuildFile; fileRef = B8319E112BEE204800A3B485 /* URL-Extension.swift */; };
		B8319E142BEE220B00A3B485 /* API.swift in Sources */ = {isa = PBXBuildFile; fileRef = B8319E132BEE220B00A3B485 /* API.swift */; };
		B8319E162BEE22FE00A3B485 /* ContentType.swift in Sources */ = {isa = PBXBuildFile; fileRef = B8319E152BEE22FE00A3B485 /* ContentType.swift */; };
		B8319E182BEE243B00A3B485 /* Networkable.swift in Sources */ = {isa = PBXBuildFile; fileRef = B8319E172BEE243B00A3B485 /* Networkable.swift */; };
		B8319E1B2BEE252D00A3B485 /* Movie.swift in Sources */ = {isa = PBXBuildFile; fileRef = B8319E1A2BEE252D00A3B485 /* Movie.swift */; };
		B8319E1D2BEE25AC00A3B485 /* Networkable-Extensionm.swift in Sources */ = {isa = PBXBuildFile; fileRef = B8319E1C2BEE25AC00A3B485 /* Networkable-Extensionm.swift */; };
		B8319E202BEE2DA800A3B485 /* ContentViewModel.swift in Sources */ = {isa = PBXBuildFile; fileRef = B8319E1F2BEE2DA800A3B485 /* ContentViewModel.swift */; };
		B8319E232BEE2E0900A3B485 /* GetMoviesResponse.swift in Sources */ = {isa = PBXBuildFile; fileRef = B8319E222BEE2E0900A3B485 /* GetMoviesResponse.swift */; };
/* End PBXBuildFile section */

/* Begin PBXFileReference section */
		B8319DF22BEE115100A3B485 /* YoungTalentNetworking.app */ = {isa = PBXFileReference; explicitFileType = wrapper.application; includeInIndex = 0; path = YoungTalentNetworking.app; sourceTree = BUILT_PRODUCTS_DIR; };
		B8319DF52BEE115100A3B485 /* YoungTalentNetworkingApp.swift */ = {isa = PBXFileReference; lastKnownFileType = sourcecode.swift; path = YoungTalentNetworkingApp.swift; sourceTree = "<group>"; };
		B8319DF72BEE115100A3B485 /* ContentView.swift */ = {isa = PBXFileReference; lastKnownFileType = sourcecode.swift; path = ContentView.swift; sourceTree = "<group>"; };
		B8319DF92BEE115300A3B485 /* Assets.xcassets */ = {isa = PBXFileReference; lastKnownFileType = folder.assetcatalog; path = Assets.xcassets; sourceTree = "<group>"; };
		B8319DFC2BEE115300A3B485 /* Preview Assets.xcassets */ = {isa = PBXFileReference; lastKnownFileType = folder.assetcatalog; path = "Preview Assets.xcassets"; sourceTree = "<group>"; };
		B8319E032BEE1D0800A3B485 /* product.xcconfig */ = {isa = PBXFileReference; lastKnownFileType = text.xcconfig; path = product.xcconfig; sourceTree = "<group>"; };
		B8319E042BEE1D1600A3B485 /* develop.xcconfig */ = {isa = PBXFileReference; lastKnownFileType = text.xcconfig; path = develop.xcconfig; sourceTree = "<group>"; };
		B8319E052BEE1D6900A3B485 /* Info.plist */ = {isa = PBXFileReference; lastKnownFileType = text.plist; path = Info.plist; sourceTree = "<group>"; };
		B8319E082BEE1E0A00A3B485 /* RequestMethod.swift */ = {isa = PBXFileReference; lastKnownFileType = sourcecode.swift; path = RequestMethod.swift; sourceTree = "<group>"; };
		B8319E0A2BEE1E9400A3B485 /* Response.swift */ = {isa = PBXFileReference; lastKnownFileType = sourcecode.swift; path = Response.swift; sourceTree = "<group>"; };
		B8319E0D2BEE1F3E00A3B485 /* Bundle-extension.swift */ = {isa = PBXFileReference; lastKnownFileType = sourcecode.swift; path = "Bundle-extension.swift"; sourceTree = "<group>"; };
		B8319E0F2BEE1FB100A3B485 /* NSError.swift */ = {isa = PBXFileReference; lastKnownFileType = sourcecode.swift; path = NSError.swift; sourceTree = "<group>"; };
		B8319E112BEE204800A3B485 /* URL-Extension.swift */ = {isa = PBXFileReference; lastKnownFileType = sourcecode.swift; path = "URL-Extension.swift"; sourceTree = "<group>"; };
		B8319E132BEE220B00A3B485 /* API.swift */ = {isa = PBXFileReference; lastKnownFileType = sourcecode.swift; path = API.swift; sourceTree = "<group>"; };
		B8319E152BEE22FE00A3B485 /* ContentType.swift */ = {isa = PBXFileReference; lastKnownFileType = sourcecode.swift; path = ContentType.swift; sourceTree = "<group>"; };
		B8319E172BEE243B00A3B485 /* Networkable.swift */ = {isa = PBXFileReference; lastKnownFileType = sourcecode.swift; path = Networkable.swift; sourceTree = "<group>"; };
		B8319E1A2BEE252D00A3B485 /* Movie.swift */ = {isa = PBXFileReference; lastKnownFileType = sourcecode.swift; path = Movie.swift; sourceTree = "<group>"; };
		B8319E1C2BEE25AC00A3B485 /* Networkable-Extensionm.swift */ = {isa = PBXFileReference; lastKnownFileType = sourcecode.swift; path = "Networkable-Extensionm.swift"; sourceTree = "<group>"; };
		B8319E1F2BEE2DA800A3B485 /* ContentViewModel.swift */ = {isa = PBXFileReference; lastKnownFileType = sourcecode.swift; path = ContentViewModel.swift; sourceTree = "<group>"; };
		B8319E222BEE2E0900A3B485 /* GetMoviesResponse.swift */ = {isa = PBXFileReference; lastKnownFileType = sourcecode.swift; path = GetMoviesResponse.swift; sourceTree = "<group>"; };
/* End PBXFileReference section */

/* Begin PBXFrameworksBuildPhase section */
		B8319DEF2BEE115100A3B485 /* Frameworks */ = {
			isa = PBXFrameworksBuildPhase;
			buildActionMask = 2147483647;
			files = (
			);
			runOnlyForDeploymentPostprocessing = 0;
		};
/* End PBXFrameworksBuildPhase section */

/* Begin PBXGroup section */
		B8319DE92BEE115100A3B485 = {
			isa = PBXGroup;
			children = (
				B8319E042BEE1D1600A3B485 /* develop.xcconfig */,
				B8319E032BEE1D0800A3B485 /* product.xcconfig */,
				B8319E062BEE1DB700A3B485 /* Networking */,
				B8319DF42BEE115100A3B485 /* YoungTalentNetworking */,
				B8319DF32BEE115100A3B485 /* Products */,
			);
			sourceTree = "<group>";
		};
		B8319DF32BEE115100A3B485 /* Products */ = {
			isa = PBXGroup;
			children = (
				B8319DF22BEE115100A3B485 /* YoungTalentNetworking.app */,
			);
			name = Products;
			sourceTree = "<group>";
		};
		B8319DF42BEE115100A3B485 /* YoungTalentNetworking */ = {
			isa = PBXGroup;
			children = (
				B8319E052BEE1D6900A3B485 /* Info.plist */,
				B8319DF52BEE115100A3B485 /* YoungTalentNetworkingApp.swift */,
				B8319E1F2BEE2DA800A3B485 /* ContentViewModel.swift */,
				B8319DF72BEE115100A3B485 /* ContentView.swift */,
				B8319DF92BEE115300A3B485 /* Assets.xcassets */,
				B8319DFB2BEE115300A3B485 /* Preview Content */,
			);
			path = YoungTalentNetworking;
			sourceTree = "<group>";
		};
		B8319DFB2BEE115300A3B485 /* Preview Content */ = {
			isa = PBXGroup;
			children = (
				B8319DFC2BEE115300A3B485 /* Preview Assets.xcassets */,
			);
			path = "Preview Content";
			sourceTree = "<group>";
		};
		B8319E062BEE1DB700A3B485 /* Networking */ = {
			isa = PBXGroup;
			children = (
				B8319E1E2BEE284900A3B485 /* Networkable */,
				B8319E0C2BEE1F0E00A3B485 /* Extension */,
				B8319E072BEE1DF800A3B485 /* Base */,
				B8319E192BEE251800A3B485 /* Request */,
				B8319E212BEE2DEA00A3B485 /* Response */,
				B8319E132BEE220B00A3B485 /* API.swift */,
			);
			path = Networking;
			sourceTree = "<group>";
		};
		B8319E072BEE1DF800A3B485 /* Base */ = {
			isa = PBXGroup;
			children = (
				B8319E152BEE22FE00A3B485 /* ContentType.swift */,
				B8319E082BEE1E0A00A3B485 /* RequestMethod.swift */,
				B8319E0A2BEE1E9400A3B485 /* Response.swift */,
			);
			path = Base;
			sourceTree = "<group>";
		};
		B8319E0C2BEE1F0E00A3B485 /* Extension */ = {
			isa = PBXGroup;
			children = (
				B8319E0D2BEE1F3E00A3B485 /* Bundle-extension.swift */,
				B8319E0F2BEE1FB100A3B485 /* NSError.swift */,
				B8319E112BEE204800A3B485 /* URL-Extension.swift */,
			);
			path = Extension;
			sourceTree = "<group>";
		};
		B8319E192BEE251800A3B485 /* Request */ = {
			isa = PBXGroup;
			children = (
				B8319E1A2BEE252D00A3B485 /* Movie.swift */,
			);
			path = Request;
			sourceTree = "<group>";
		};
		B8319E1E2BEE284900A3B485 /* Networkable */ = {
			isa = PBXGroup;
			children = (
				B8319E1C2BEE25AC00A3B485 /* Networkable-Extensionm.swift */,
				B8319E172BEE243B00A3B485 /* Networkable.swift */,
			);
			path = Networkable;
			sourceTree = "<group>";
		};
		B8319E212BEE2DEA00A3B485 /* Response */ = {
			isa = PBXGroup;
			children = (
				B8319E222BEE2E0900A3B485 /* GetMoviesResponse.swift */,
			);
			path = Response;
			sourceTree = "<group>";
		};
/* End PBXGroup section */

/* Begin PBXNativeTarget section */
		B8319DF12BEE115100A3B485 /* YoungTalentNetworking */ = {
			isa = PBXNativeTarget;
			buildConfigurationList = B8319E002BEE115300A3B485 /* Build configuration list for PBXNativeTarget "YoungTalentNetworking" */;
			buildPhases = (
				B8319DEE2BEE115100A3B485 /* Sources */,
				B8319DEF2BEE115100A3B485 /* Frameworks */,
				B8319DF02BEE115100A3B485 /* Resources */,
			);
			buildRules = (
			);
			dependencies = (
			);
			name = YoungTalentNetworking;
			productName = YoungTalentNetworking;
			productReference = B8319DF22BEE115100A3B485 /* YoungTalentNetworking.app */;
			productType = "com.apple.product-type.application";
		};
/* End PBXNativeTarget section */

/* Begin PBXProject section */
		B8319DEA2BEE115100A3B485 /* Project object */ = {
			isa = PBXProject;
			attributes = {
				BuildIndependentTargetsInParallel = 1;
				LastSwiftUpdateCheck = 1530;
				LastUpgradeCheck = 1530;
				TargetAttributes = {
					B8319DF12BEE115100A3B485 = {
						CreatedOnToolsVersion = 15.3;
					};
				};
			};
			buildConfigurationList = B8319DED2BEE115100A3B485 /* Build configuration list for PBXProject "YoungTalentNetworking" */;
			compatibilityVersion = "Xcode 14.0";
			developmentRegion = en;
			hasScannedForEncodings = 0;
			knownRegions = (
				en,
				Base,
			);
			mainGroup = B8319DE92BEE115100A3B485;
			productRefGroup = B8319DF32BEE115100A3B485 /* Products */;
			projectDirPath = "";
			projectRoot = "";
			targets = (
				B8319DF12BEE115100A3B485 /* YoungTalentNetworking */,
			);
		};
/* End PBXProject section */

/* Begin PBXResourcesBuildPhase section */
		B8319DF02BEE115100A3B485 /* Resources */ = {
			isa = PBXResourcesBuildPhase;
			buildActionMask = 2147483647;
			files = (
				B8319DFD2BEE115300A3B485 /* Preview Assets.xcassets in Resources */,
				B8319DFA2BEE115300A3B485 /* Assets.xcassets in Resources */,
			);
			runOnlyForDeploymentPostprocessing = 0;
		};
/* End PBXResourcesBuildPhase section */

/* Begin PBXSourcesBuildPhase section */
		B8319DEE2BEE115100A3B485 /* Sources */ = {
			isa = PBXSourcesBuildPhase;
			buildActionMask = 2147483647;
			files = (
				B8319E232BEE2E0900A3B485 /* GetMoviesResponse.swift in Sources */,
				B8319E122BEE204800A3B485 /* URL-Extension.swift in Sources */,
				B8319E202BEE2DA800A3B485 /* ContentViewModel.swift in Sources */,
				B8319E0B2BEE1E9400A3B485 /* Response.swift in Sources */,
				B8319DF82BEE115100A3B485 /* ContentView.swift in Sources */,
				B8319E092BEE1E0A00A3B485 /* RequestMethod.swift in Sources */,
				B8319DF62BEE115100A3B485 /* YoungTalentNetworkingApp.swift in Sources */,
				B8319E0E2BEE1F3E00A3B485 /* Bundle-extension.swift in Sources */,
				B8319E142BEE220B00A3B485 /* API.swift in Sources */,
				B8319E102BEE1FB100A3B485 /* NSError.swift in Sources */,
				B8319E1D2BEE25AC00A3B485 /* Networkable-Extensionm.swift in Sources */,
				B8319E182BEE243B00A3B485 /* Networkable.swift in Sources */,
				B8319E1B2BEE252D00A3B485 /* Movie.swift in Sources */,
				B8319E162BEE22FE00A3B485 /* ContentType.swift in Sources */,
			);
			runOnlyForDeploymentPostprocessing = 0;
		};
/* End PBXSourcesBuildPhase section */

/* Begin XCBuildConfiguration section */
		B8319DFE2BEE115300A3B485 /* Debug */ = {
			isa = XCBuildConfiguration;
			baseConfigurationReference = B8319E042BEE1D1600A3B485 /* develop.xcconfig */;
			buildSettings = {
				ALWAYS_SEARCH_USER_PATHS = NO;
				ASSETCATALOG_COMPILER_GENERATE_SWIFT_ASSET_SYMBOL_EXTENSIONS = YES;
				CLANG_ANALYZER_NONNULL = YES;
				CLANG_ANALYZER_NUMBER_OBJECT_CONVERSION = YES_AGGRESSIVE;
				CLANG_CXX_LANGUAGE_STANDARD = "gnu++20";
				CLANG_ENABLE_MODULES = YES;
				CLANG_ENABLE_OBJC_ARC = YES;
				CLANG_ENABLE_OBJC_WEAK = YES;
				CLANG_WARN_BLOCK_CAPTURE_AUTORELEASING = YES;
				CLANG_WARN_BOOL_CONVERSION = YES;
				CLANG_WARN_COMMA = YES;
				CLANG_WARN_CONSTANT_CONVERSION = YES;
				CLANG_WARN_DEPRECATED_OBJC_IMPLEMENTATIONS = YES;
				CLANG_WARN_DIRECT_OBJC_ISA_USAGE = YES_ERROR;
				CLANG_WARN_DOCUMENTATION_COMMENTS = YES;
				CLANG_WARN_EMPTY_BODY = YES;
				CLANG_WARN_ENUM_CONVERSION = YES;
				CLANG_WARN_INFINITE_RECURSION = YES;
				CLANG_WARN_INT_CONVERSION = YES;
				CLANG_WARN_NON_LITERAL_NULL_CONVERSION = YES;
				CLANG_WARN_OBJC_IMPLICIT_RETAIN_SELF = YES;
				CLANG_WARN_OBJC_LITERAL_CONVERSION = YES;
				CLANG_WARN_OBJC_ROOT_CLASS = YES_ERROR;
				CLANG_WARN_QUOTED_INCLUDE_IN_FRAMEWORK_HEADER = YES;
				CLANG_WARN_RANGE_LOOP_ANALYSIS = YES;
				CLANG_WARN_STRICT_PROTOTYPES = YES;
				CLANG_WARN_SUSPICIOUS_MOVE = YES;
				CLANG_WARN_UNGUARDED_AVAILABILITY = YES_AGGRESSIVE;
				CLANG_WARN_UNREACHABLE_CODE = YES;
				CLANG_WARN__DUPLICATE_METHOD_MATCH = YES;
				COPY_PHASE_STRIP = NO;
				DEBUG_INFORMATION_FORMAT = dwarf;
				ENABLE_STRICT_OBJC_MSGSEND = YES;
				ENABLE_TESTABILITY = YES;
				ENABLE_USER_SCRIPT_SANDBOXING = YES;
				GCC_C_LANGUAGE_STANDARD = gnu17;
				GCC_DYNAMIC_NO_PIC = NO;
				GCC_NO_COMMON_BLOCKS = YES;
				GCC_OPTIMIZATION_LEVEL = 0;
				GCC_PREPROCESSOR_DEFINITIONS = (
					"DEBUG=1",
					"$(inherited)",
				);
				GCC_WARN_64_TO_32_BIT_CONVERSION = YES;
				GCC_WARN_ABOUT_RETURN_TYPE = YES_ERROR;
				GCC_WARN_UNDECLARED_SELECTOR = YES;
				GCC_WARN_UNINITIALIZED_AUTOS = YES_AGGRESSIVE;
				GCC_WARN_UNUSED_FUNCTION = YES;
				GCC_WARN_UNUSED_VARIABLE = YES;
				IPHONEOS_DEPLOYMENT_TARGET = 17.4;
				LOCALIZATION_PREFERS_STRING_CATALOGS = YES;
				MTL_ENABLE_DEBUG_INFO = INCLUDE_SOURCE;
				MTL_FAST_MATH = YES;
				ONLY_ACTIVE_ARCH = YES;
				SDKROOT = iphoneos;
				SWIFT_ACTIVE_COMPILATION_CONDITIONS = "DEBUG $(inherited)";
				SWIFT_OPTIMIZATION_LEVEL = "-Onone";
			};
			name = Debug;
		};
		B8319DFF2BEE115300A3B485 /* Release */ = {
			isa = XCBuildConfiguration;
			baseConfigurationReference = B8319E032BEE1D0800A3B485 /* product.xcconfig */;
			buildSettings = {
				ALWAYS_SEARCH_USER_PATHS = NO;
				ASSETCATALOG_COMPILER_GENERATE_SWIFT_ASSET_SYMBOL_EXTENSIONS = YES;
				CLANG_ANALYZER_NONNULL = YES;
				CLANG_ANALYZER_NUMBER_OBJECT_CONVERSION = YES_AGGRESSIVE;
				CLANG_CXX_LANGUAGE_STANDARD = "gnu++20";
				CLANG_ENABLE_MODULES = YES;
				CLANG_ENABLE_OBJC_ARC = YES;
				CLANG_ENABLE_OBJC_WEAK = YES;
				CLANG_WARN_BLOCK_CAPTURE_AUTORELEASING = YES;
				CLANG_WARN_BOOL_CONVERSION = YES;
				CLANG_WARN_COMMA = YES;
				CLANG_WARN_CONSTANT_CONVERSION = YES;
				CLANG_WARN_DEPRECATED_OBJC_IMPLEMENTATIONS = YES;
				CLANG_WARN_DIRECT_OBJC_ISA_USAGE = YES_ERROR;
				CLANG_WARN_DOCUMENTATION_COMMENTS = YES;
				CLANG_WARN_EMPTY_BODY = YES;
				CLANG_WARN_ENUM_CONVERSION = YES;
				CLANG_WARN_INFINITE_RECURSION = YES;
				CLANG_WARN_INT_CONVERSION = YES;
				CLANG_WARN_NON_LITERAL_NULL_CONVERSION = YES;
				CLANG_WARN_OBJC_IMPLICIT_RETAIN_SELF = YES;
				CLANG_WARN_OBJC_LITERAL_CONVERSION = YES;
				CLANG_WARN_OBJC_ROOT_CLASS = YES_ERROR;
				CLANG_WARN_QUOTED_INCLUDE_IN_FRAMEWORK_HEADER = YES;
				CLANG_WARN_RANGE_LOOP_ANALYSIS = YES;
				CLANG_WARN_STRICT_PROTOTYPES = YES;
				CLANG_WARN_SUSPICIOUS_MOVE = YES;
				CLANG_WARN_UNGUARDED_AVAILABILITY = YES_AGGRESSIVE;
				CLANG_WARN_UNREACHABLE_CODE = YES;
				CLANG_WARN__DUPLICATE_METHOD_MATCH = YES;
				COPY_PHASE_STRIP = NO;
				DEBUG_INFORMATION_FORMAT = "dwarf-with-dsym";
				ENABLE_NS_ASSERTIONS = NO;
				ENABLE_STRICT_OBJC_MSGSEND = YES;
				ENABLE_USER_SCRIPT_SANDBOXING = YES;
				GCC_C_LANGUAGE_STANDARD = gnu17;
				GCC_NO_COMMON_BLOCKS = YES;
				GCC_WARN_64_TO_32_BIT_CONVERSION = YES;
				GCC_WARN_ABOUT_RETURN_TYPE = YES_ERROR;
				GCC_WARN_UNDECLARED_SELECTOR = YES;
				GCC_WARN_UNINITIALIZED_AUTOS = YES_AGGRESSIVE;
				GCC_WARN_UNUSED_FUNCTION = YES;
				GCC_WARN_UNUSED_VARIABLE = YES;
				IPHONEOS_DEPLOYMENT_TARGET = 17.4;
				LOCALIZATION_PREFERS_STRING_CATALOGS = YES;
				MTL_ENABLE_DEBUG_INFO = NO;
				MTL_FAST_MATH = YES;
				SDKROOT = iphoneos;
				SWIFT_COMPILATION_MODE = wholemodule;
				VALIDATE_PRODUCT = YES;
			};
			name = Release;
		};
		B8319E012BEE115300A3B485 /* Debug */ = {
			isa = XCBuildConfiguration;
			buildSettings = {
				ASSETCATALOG_COMPILER_APPICON_NAME = AppIcon;
				ASSETCATALOG_COMPILER_GLOBAL_ACCENT_COLOR_NAME = AccentColor;
				CODE_SIGN_STYLE = Automatic;
				CURRENT_PROJECT_VERSION = 1;
				DEVELOPMENT_ASSET_PATHS = "\"YoungTalentNetworking/Preview Content\"";
				DEVELOPMENT_TEAM = 939UZ7CY5W;
				ENABLE_PREVIEWS = YES;
				GENERATE_INFOPLIST_FILE = YES;
				INFOPLIST_FILE = YoungTalentNetworking/Info.plist;
				INFOPLIST_KEY_UIApplicationSceneManifest_Generation = YES;
				INFOPLIST_KEY_UIApplicationSupportsIndirectInputEvents = YES;
				INFOPLIST_KEY_UILaunchScreen_Generation = YES;
				INFOPLIST_KEY_UISupportedInterfaceOrientations_iPad = "UIInterfaceOrientationPortrait UIInterfaceOrientationPortraitUpsideDown UIInterfaceOrientationLandscapeLeft UIInterfaceOrientationLandscapeRight";
				INFOPLIST_KEY_UISupportedInterfaceOrientations_iPhone = "UIInterfaceOrientationPortrait UIInterfaceOrientationLandscapeLeft UIInterfaceOrientationLandscapeRight";
				LD_RUNPATH_SEARCH_PATHS = (
					"$(inherited)",
					"@executable_path/Frameworks",
				);
				MARKETING_VERSION = 1.0;
				PRODUCT_BUNDLE_IDENTIFIER = com.EserKucuker.YoungTalentNetworking;
				PRODUCT_NAME = "$(TARGET_NAME)";
				SWIFT_EMIT_LOC_STRINGS = YES;
				SWIFT_VERSION = 5.0;
				TARGETED_DEVICE_FAMILY = "1,2";
			};
			name = Debug;
		};
		B8319E022BEE115300A3B485 /* Release */ = {
			isa = XCBuildConfiguration;
			buildSettings = {
				ASSETCATALOG_COMPILER_APPICON_NAME = AppIcon;
				ASSETCATALOG_COMPILER_GLOBAL_ACCENT_COLOR_NAME = AccentColor;
				CODE_SIGN_STYLE = Automatic;
				CURRENT_PROJECT_VERSION = 1;
				DEVELOPMENT_ASSET_PATHS = "\"YoungTalentNetworking/Preview Content\"";
				DEVELOPMENT_TEAM = 939UZ7CY5W;
				ENABLE_PREVIEWS = YES;
				GENERATE_INFOPLIST_FILE = YES;
				INFOPLIST_FILE = YoungTalentNetworking/Info.plist;
				INFOPLIST_KEY_UIApplicationSceneManifest_Generation = YES;
				INFOPLIST_KEY_UIApplicationSupportsIndirectInputEvents = YES;
				INFOPLIST_KEY_UILaunchScreen_Generation = YES;
				INFOPLIST_KEY_UISupportedInterfaceOrientations_iPad = "UIInterfaceOrientationPortrait UIInterfaceOrientationPortraitUpsideDown UIInterfaceOrientationLandscapeLeft UIInterfaceOrientationLandscapeRight";
				INFOPLIST_KEY_UISupportedInterfaceOrientations_iPhone = "UIInterfaceOrientationPortrait UIInterfaceOrientationLandscapeLeft UIInterfaceOrientationLandscapeRight";
				LD_RUNPATH_SEARCH_PATHS = (
					"$(inherited)",
					"@executable_path/Frameworks",
				);
				MARKETING_VERSION = 1.0;
				PRODUCT_BUNDLE_IDENTIFIER = com.EserKucuker.YoungTalentNetworking;
				PRODUCT_NAME = "$(TARGET_NAME)";
				SWIFT_EMIT_LOC_STRINGS = YES;
				SWIFT_VERSION = 5.0;
				TARGETED_DEVICE_FAMILY = "1,2";
			};
			name = Release;
		};
/* End XCBuildConfiguration section */

/* Begin XCConfigurationList section */
		B8319DED2BEE115100A3B485 /* Build configuration list for PBXProject "YoungTalentNetworking" */ = {
			isa = XCConfigurationList;
			buildConfigurations = (
				B8319DFE2BEE115300A3B485 /* Debug */,
				B8319DFF2BEE115300A3B485 /* Release */,
			);
			defaultConfigurationIsVisible = 0;
			defaultConfigurationName = Release;
		};
		B8319E002BEE115300A3B485 /* Build configuration list for PBXNativeTarget "YoungTalentNetworking" */ = {
			isa = XCConfigurationList;
			buildConfigurations = (
				B8319E012BEE115300A3B485 /* Debug */,
				B8319E022BEE115300A3B485 /* Release */,
			);
			defaultConfigurationIsVisible = 0;
			defaultConfigurationName = Release;
		};
/* End XCConfigurationList section */
	};
	rootObject = B8319DEA2BEE115100A3B485 /* Project object */;
}
